<?xml version="1.0" encoding="utf-8"?>
<Project ToolsVersion="4.0" xmlns="http://schemas.microsoft.com/developer/msbuild/2003">
  <ItemGroup>
    <Filter Include="Source Files">
      <UniqueIdentifier>{4FC737F1-C7A5-4376-A066-2A32D752A2FF}</UniqueIdentifier>
      <Extensions>cpp;c;cc;cxx;c++;cppm;ixx;def;odl;idl;hpj;bat;asm;asmx</Extensions>
    </Filter>
    <Filter Include="Header Files">
      <UniqueIdentifier>{93995380-89BD-4b04-88EB-625FBE52EBFB}</UniqueIdentifier>
      <Extensions>h;hh;hpp;hxx;h++;hm;inl;inc;ipp;xsd</Extensions>
    </Filter>
    <Filter Include="Resource Files">
      <UniqueIdentifier>{67DA6AB6-F800-4c08-8B7A-83BB121AAD01}</UniqueIdentifier>
      <Extensions>rc;ico;cur;bmp;dlg;rc2;rct;bin;rgs;gif;jpg;jpeg;jpe;resx;tiff;tif;png;wav;mfcribbon-ms</Extensions>
    </Filter>
    <Filter Include="External">
      <UniqueIdentifier>{b43e9459-288b-4f79-b248-c83009eff554}</UniqueIdentifier>
    </Filter>
  </ItemGroup>
  <ItemGroup>
    <CudaCompile Include="Main.cu">
      <Filter>Source Files</Filter>
    </CudaCompile>
  </ItemGroup>
  <ItemGroup>
    <ClCompile Include="Main.cpp">
      <Filter>Source Files</Filter>
    </ClCompile>
    <ClCompile Include="NeuralNetwork\NeuralNet.cpp">
      <Filter>Source Files</Filter>
    </ClCompile>
    <ClCompile Include="NeuralNetwork\Layer.cpp">
      <Filter>Source Files</Filter>
    </ClCompile>
    <ClCompile Include="NeuralNetwork\Neuron.cpp">
      <Filter>Source Files</Filter>
    </ClCompile>
    <ClCompile Include="NeuralNetwork\ActivationFunction.cpp">
      <Filter>Source Files</Filter>
    </ClCompile>
    <ClCompile Include="NeuralNetwork\TrainingData.cpp">
      <Filter>Source Files</Filter>
    </ClCompile>
    <ClCompile Include="external\stb_image\stb_image.c">
      <Filter>External</Filter>
    </ClCompile>
    <ClCompile Include="Trainer.cpp">
      <Filter>Source Files</Filter>
    </ClCompile>
  </ItemGroup>
  <ItemGroup>
    <ClInclude Include="NeuralNetwork\NeuralNet.h">
      <Filter>Header Files</Filter>
    </ClInclude>
    <ClInclude Include="NeuralNetwork\Layer.h">
      <Filter>Header Files</Filter>
    </ClInclude>
    <ClInclude Include="NeuralNetwork\Neuron.h">
      <Filter>Header Files</Filter>
    </ClInclude>
    <ClInclude Include="NeuralNetwork\ActivationFunction.h">
      <Filter>Header Files</Filter>
    </ClInclude>
    <ClInclude Include="NeuralNetwork\TrainingData.h">
      <Filter>Header Files</Filter>
    </ClInclude>
    <ClInclude Include="external\stb_image\stb_image.h">
      <Filter>External</Filter>
    </ClInclude>
    <ClInclude Include="Trainer.h">
      <Filter>Header Files</Filter>
    </ClInclude>
  </ItemGroup>
</Project>